
Microsoft Visual Studio Solution File, Format Version 12.00
# Visual Studio 2013
VisualStudioVersion = 12.0.21005.1
MinimumVisualStudioVersion = 10.0.40219.1
Project("{FAE04EC0-301F-11D3-BF4B-00C04F79EFBC}") = "RedmineClient", "RedmineClient\RedmineClient.csproj", "{3F063CEC-8BE6-4E79-A984-0639BCAE2750}"
EndProject
Project("{FAE04EC0-301F-11D3-BF4B-00C04F79EFBC}") = "RedmineClient.Data", "RedmineClient.Data\RedmineClient.Data.csproj", "{125D65B0-2F7D-4D94-8A97-66DE1172F054}"
EndProject
Project("{FAE04EC0-301F-11D3-BF4B-00C04F79EFBC}") = "RedmineClient.Models", "RedmineClient.Models\RedmineClient.Models.csproj", "{021D1F91-8C9E-4761-B898-7BB3AFDCBC8A}"
EndProject
Project("{FAE04EC0-301F-11D3-BF4B-00C04F79EFBC}") = "RedmineClient.Repositories.Implementation", "RedmineClient.Repositories.Implementation\RedmineClient.Repositories.Implementation.csproj", "{58B33916-9A98-434C-A292-A206A9C2BBA2}"
EndProject
Project("{FAE04EC0-301F-11D3-BF4B-00C04F79EFBC}") = "RedmineClient.Repositories.Abstract", "RedmineClient.Repositories.Abstract\RedmineClient.Repositories.Abstract.csproj", "{1B055054-ED88-40DA-AFF5-E9D9A3F51361}"
EndProject
Project("{2150E333-8FDC-42A3-9474-1A3956D46DE8}") = "BusinessLogic", "BusinessLogic", "{3AAF864F-EF8B-44AC-8D2B-75B3D9991D48}"
EndProject
Project("{2150E333-8FDC-42A3-9474-1A3956D46DE8}") = "RedmineApplication", "RedmineApplication", "{C6847D99-9262-4911-BC4D-E72CE973CD5D}"
EndProject
Project("{FAE04EC0-301F-11D3-BF4B-00C04F79EFBC}") = "RedmineClient.ViewModels", "RedmineClient.ViewModels\RedmineClient.ViewModels.csproj", "{55A5833A-5D8F-44A4-AFAF-2E462533D974}"
EndProject
Project("{FAE04EC0-301F-11D3-BF4B-00C04F79EFBC}") = "RedmineClient.Messanger", "RedmineClient.Messanger\RedmineClient.Messanger.csproj", "{FDFEF8C0-8700-4E67-8F2E-3BBDF318330A}"
EndProject
Project("{FAE04EC0-301F-11D3-BF4B-00C04F79EFBC}") = "RedmineClient.Proxy", "RedmineClient.Proxy\RedmineClient.Proxy.csproj", "{4A22646E-850A-493F-A427-712D745CDE70}"
EndProject
Project("{8BC9CEB8-8B4A-11D0-8D11-00A0C91BC942}") = "Sqlite", "sqlite-net-wp8-master\Sqlite.vcxproj", "{59B35F6C-E062-4F0E-88D8-13F3F82A24F3}"
EndProject
Global
	GlobalSection(SolutionConfigurationPlatforms) = preSolution
		Debug|Any CPU = Debug|Any CPU
		Debug|ARM = Debug|ARM
		Debug|Mixed Platforms = Debug|Mixed Platforms
		Debug|Win32 = Debug|Win32
		Debug|x86 = Debug|x86
		Release|Any CPU = Release|Any CPU
		Release|ARM = Release|ARM
		Release|Mixed Platforms = Release|Mixed Platforms
		Release|Win32 = Release|Win32
		Release|x86 = Release|x86
	EndGlobalSection
	GlobalSection(ProjectConfigurationPlatforms) = postSolution
		{3F063CEC-8BE6-4E79-A984-0639BCAE2750}.Debug|Any CPU.ActiveCfg = Debug|Any CPU
		{3F063CEC-8BE6-4E79-A984-0639BCAE2750}.Debug|Any CPU.Build.0 = Debug|Any CPU
		{3F063CEC-8BE6-4E79-A984-0639BCAE2750}.Debug|Any CPU.Deploy.0 = Debug|Any CPU
		{3F063CEC-8BE6-4E79-A984-0639BCAE2750}.Debug|ARM.ActiveCfg = Debug|ARM
		{3F063CEC-8BE6-4E79-A984-0639BCAE2750}.Debug|ARM.Build.0 = Debug|ARM
		{3F063CEC-8BE6-4E79-A984-0639BCAE2750}.Debug|ARM.Deploy.0 = Debug|ARM
		{3F063CEC-8BE6-4E79-A984-0639BCAE2750}.Debug|Mixed Platforms.ActiveCfg = Debug|Any CPU
		{3F063CEC-8BE6-4E79-A984-0639BCAE2750}.Debug|Mixed Platforms.Build.0 = Debug|Any CPU
		{3F063CEC-8BE6-4E79-A984-0639BCAE2750}.Debug|Mixed Platforms.Deploy.0 = Debug|Any CPU
		{3F063CEC-8BE6-4E79-A984-0639BCAE2750}.Debug|Win32.ActiveCfg = Debug|x86
		{3F063CEC-8BE6-4E79-A984-0639BCAE2750}.Debug|Win32.Build.0 = Debug|x86
		{3F063CEC-8BE6-4E79-A984-0639BCAE2750}.Debug|Win32.Deploy.0 = Debug|x86
		{3F063CEC-8BE6-4E79-A984-0639BCAE2750}.Debug|x86.ActiveCfg = Debug|x86
		{3F063CEC-8BE6-4E79-A984-0639BCAE2750}.Debug|x86.Build.0 = Debug|x86
		{3F063CEC-8BE6-4E79-A984-0639BCAE2750}.Debug|x86.Deploy.0 = Debug|x86
		{3F063CEC-8BE6-4E79-A984-0639BCAE2750}.Release|Any CPU.ActiveCfg = Release|Any CPU
		{3F063CEC-8BE6-4E79-A984-0639BCAE2750}.Release|Any CPU.Build.0 = Release|Any CPU
		{3F063CEC-8BE6-4E79-A984-0639BCAE2750}.Release|Any CPU.Deploy.0 = Release|Any CPU
		{3F063CEC-8BE6-4E79-A984-0639BCAE2750}.Release|ARM.ActiveCfg = Release|ARM
		{3F063CEC-8BE6-4E79-A984-0639BCAE2750}.Release|ARM.Build.0 = Release|ARM
		{3F063CEC-8BE6-4E79-A984-0639BCAE2750}.Release|ARM.Deploy.0 = Release|ARM
		{3F063CEC-8BE6-4E79-A984-0639BCAE2750}.Release|Mixed Platforms.ActiveCfg = Release|x86
		{3F063CEC-8BE6-4E79-A984-0639BCAE2750}.Release|Mixed Platforms.Build.0 = Release|x86
		{3F063CEC-8BE6-4E79-A984-0639BCAE2750}.Release|Mixed Platforms.Deploy.0 = Release|x86
		{3F063CEC-8BE6-4E79-A984-0639BCAE2750}.Release|Win32.ActiveCfg = Release|x86
		{3F063CEC-8BE6-4E79-A984-0639BCAE2750}.Release|Win32.Build.0 = Release|x86
		{3F063CEC-8BE6-4E79-A984-0639BCAE2750}.Release|Win32.Deploy.0 = Release|x86
		{3F063CEC-8BE6-4E79-A984-0639BCAE2750}.Release|x86.ActiveCfg = Release|x86
		{3F063CEC-8BE6-4E79-A984-0639BCAE2750}.Release|x86.Build.0 = Release|x86
		{3F063CEC-8BE6-4E79-A984-0639BCAE2750}.Release|x86.Deploy.0 = Release|x86
		{125D65B0-2F7D-4D94-8A97-66DE1172F054}.Debug|Any CPU.ActiveCfg = Debug|Any CPU
		{125D65B0-2F7D-4D94-8A97-66DE1172F054}.Debug|Any CPU.Build.0 = Debug|Any CPU
		{125D65B0-2F7D-4D94-8A97-66DE1172F054}.Debug|ARM.ActiveCfg = Debug|ARM
		{125D65B0-2F7D-4D94-8A97-66DE1172F054}.Debug|ARM.Build.0 = Debug|ARM
		{125D65B0-2F7D-4D94-8A97-66DE1172F054}.Debug|Mixed Platforms.ActiveCfg = Debug|Any CPU
		{125D65B0-2F7D-4D94-8A97-66DE1172F054}.Debug|Mixed Platforms.Build.0 = Debug|Any CPU
		{125D65B0-2F7D-4D94-8A97-66DE1172F054}.Debug|Win32.ActiveCfg = Debug|x86
		{125D65B0-2F7D-4D94-8A97-66DE1172F054}.Debug|Win32.Build.0 = Debug|x86
		{125D65B0-2F7D-4D94-8A97-66DE1172F054}.Debug|x86.ActiveCfg = Debug|x86
		{125D65B0-2F7D-4D94-8A97-66DE1172F054}.Debug|x86.Build.0 = Debug|x86
		{125D65B0-2F7D-4D94-8A97-66DE1172F054}.Release|Any CPU.ActiveCfg = Release|Any CPU
		{125D65B0-2F7D-4D94-8A97-66DE1172F054}.Release|Any CPU.Build.0 = Release|Any CPU
		{125D65B0-2F7D-4D94-8A97-66DE1172F054}.Release|ARM.ActiveCfg = Release|ARM
		{125D65B0-2F7D-4D94-8A97-66DE1172F054}.Release|ARM.Build.0 = Release|ARM
		{125D65B0-2F7D-4D94-8A97-66DE1172F054}.Release|Mixed Platforms.ActiveCfg = Release|x86
		{125D65B0-2F7D-4D94-8A97-66DE1172F054}.Release|Mixed Platforms.Build.0 = Release|x86
		{125D65B0-2F7D-4D94-8A97-66DE1172F054}.Release|Win32.ActiveCfg = Release|x86
		{125D65B0-2F7D-4D94-8A97-66DE1172F054}.Release|Win32.Build.0 = Release|x86
		{125D65B0-2F7D-4D94-8A97-66DE1172F054}.Release|x86.ActiveCfg = Release|x86
		{125D65B0-2F7D-4D94-8A97-66DE1172F054}.Release|x86.Build.0 = Release|x86
		{021D1F91-8C9E-4761-B898-7BB3AFDCBC8A}.Debug|Any CPU.ActiveCfg = Debug|Any CPU
		{021D1F91-8C9E-4761-B898-7BB3AFDCBC8A}.Debug|Any CPU.Build.0 = Debug|Any CPU
		{021D1F91-8C9E-4761-B898-7BB3AFDCBC8A}.Debug|ARM.ActiveCfg = Debug|ARM
		{021D1F91-8C9E-4761-B898-7BB3AFDCBC8A}.Debug|ARM.Build.0 = Debug|ARM
		{021D1F91-8C9E-4761-B898-7BB3AFDCBC8A}.Debug|Mixed Platforms.ActiveCfg = Debug|Any CPU
		{021D1F91-8C9E-4761-B898-7BB3AFDCBC8A}.Debug|Mixed Platforms.Build.0 = Debug|Any CPU
		{021D1F91-8C9E-4761-B898-7BB3AFDCBC8A}.Debug|Win32.ActiveCfg = Debug|x86
		{021D1F91-8C9E-4761-B898-7BB3AFDCBC8A}.Debug|Win32.Build.0 = Debug|x86
		{021D1F91-8C9E-4761-B898-7BB3AFDCBC8A}.Debug|x86.ActiveCfg = Debug|x86
		{021D1F91-8C9E-4761-B898-7BB3AFDCBC8A}.Debug|x86.Build.0 = Debug|x86
		{021D1F91-8C9E-4761-B898-7BB3AFDCBC8A}.Release|Any CPU.ActiveCfg = Release|Any CPU
		{021D1F91-8C9E-4761-B898-7BB3AFDCBC8A}.Release|Any CPU.Build.0 = Release|Any CPU
		{021D1F91-8C9E-4761-B898-7BB3AFDCBC8A}.Release|ARM.ActiveCfg = Release|ARM
		{021D1F91-8C9E-4761-B898-7BB3AFDCBC8A}.Release|ARM.Build.0 = Release|ARM
		{021D1F91-8C9E-4761-B898-7BB3AFDCBC8A}.Release|Mixed Platforms.ActiveCfg = Release|x86
		{021D1F91-8C9E-4761-B898-7BB3AFDCBC8A}.Release|Mixed Platforms.Build.0 = Release|x86
		{021D1F91-8C9E-4761-B898-7BB3AFDCBC8A}.Release|Win32.ActiveCfg = Release|x86
		{021D1F91-8C9E-4761-B898-7BB3AFDCBC8A}.Release|Win32.Build.0 = Release|x86
		{021D1F91-8C9E-4761-B898-7BB3AFDCBC8A}.Release|x86.ActiveCfg = Release|x86
		{021D1F91-8C9E-4761-B898-7BB3AFDCBC8A}.Release|x86.Build.0 = Release|x86
		{58B33916-9A98-434C-A292-A206A9C2BBA2}.Debug|Any CPU.ActiveCfg = Debug|Any CPU
		{58B33916-9A98-434C-A292-A206A9C2BBA2}.Debug|Any CPU.Build.0 = Debug|Any CPU
		{58B33916-9A98-434C-A292-A206A9C2BBA2}.Debug|ARM.ActiveCfg = Debug|ARM
		{58B33916-9A98-434C-A292-A206A9C2BBA2}.Debug|ARM.Build.0 = Debug|ARM
		{58B33916-9A98-434C-A292-A206A9C2BBA2}.Debug|Mixed Platforms.ActiveCfg = Debug|Any CPU
		{58B33916-9A98-434C-A292-A206A9C2BBA2}.Debug|Mixed Platforms.Build.0 = Debug|Any CPU
		{58B33916-9A98-434C-A292-A206A9C2BBA2}.Debug|Win32.ActiveCfg = Debug|x86
		{58B33916-9A98-434C-A292-A206A9C2BBA2}.Debug|Win32.Build.0 = Debug|x86
		{58B33916-9A98-434C-A292-A206A9C2BBA2}.Debug|x86.ActiveCfg = Debug|x86
		{58B33916-9A98-434C-A292-A206A9C2BBA2}.Debug|x86.Build.0 = Debug|x86
		{58B33916-9A98-434C-A292-A206A9C2BBA2}.Release|Any CPU.ActiveCfg = Release|Any CPU
		{58B33916-9A98-434C-A292-A206A9C2BBA2}.Release|Any CPU.Build.0 = Release|Any CPU
		{58B33916-9A98-434C-A292-A206A9C2BBA2}.Release|ARM.ActiveCfg = Release|ARM
		{58B33916-9A98-434C-A292-A206A9C2BBA2}.Release|ARM.Build.0 = Release|ARM
		{58B33916-9A98-434C-A292-A206A9C2BBA2}.Release|Mixed Platforms.ActiveCfg = Release|x86
		{58B33916-9A98-434C-A292-A206A9C2BBA2}.Release|Mixed Platforms.Build.0 = Release|x86
		{58B33916-9A98-434C-A292-A206A9C2BBA2}.Release|Win32.ActiveCfg = Release|x86
		{58B33916-9A98-434C-A292-A206A9C2BBA2}.Release|Win32.Build.0 = Release|x86
		{58B33916-9A98-434C-A292-A206A9C2BBA2}.Release|x86.ActiveCfg = Release|x86
		{58B33916-9A98-434C-A292-A206A9C2BBA2}.Release|x86.Build.0 = Release|x86
		{1B055054-ED88-40DA-AFF5-E9D9A3F51361}.Debug|Any CPU.ActiveCfg = Debug|Any CPU
		{1B055054-ED88-40DA-AFF5-E9D9A3F51361}.Debug|Any CPU.Build.0 = Debug|Any CPU
		{1B055054-ED88-40DA-AFF5-E9D9A3F51361}.Debug|ARM.ActiveCfg = Debug|ARM
		{1B055054-ED88-40DA-AFF5-E9D9A3F51361}.Debug|ARM.Build.0 = Debug|ARM
		{1B055054-ED88-40DA-AFF5-E9D9A3F51361}.Debug|Mixed Platforms.ActiveCfg = Debug|Any CPU
		{1B055054-ED88-40DA-AFF5-E9D9A3F51361}.Debug|Mixed Platforms.Build.0 = Debug|Any CPU
		{1B055054-ED88-40DA-AFF5-E9D9A3F51361}.Debug|Win32.ActiveCfg = Debug|x86
		{1B055054-ED88-40DA-AFF5-E9D9A3F51361}.Debug|Win32.Build.0 = Debug|x86
		{1B055054-ED88-40DA-AFF5-E9D9A3F51361}.Debug|x86.ActiveCfg = Debug|x86
		{1B055054-ED88-40DA-AFF5-E9D9A3F51361}.Debug|x86.Build.0 = Debug|x86
		{1B055054-ED88-40DA-AFF5-E9D9A3F51361}.Release|Any CPU.ActiveCfg = Release|Any CPU
		{1B055054-ED88-40DA-AFF5-E9D9A3F51361}.Release|Any CPU.Build.0 = Release|Any CPU
		{1B055054-ED88-40DA-AFF5-E9D9A3F51361}.Release|ARM.ActiveCfg = Release|ARM
		{1B055054-ED88-40DA-AFF5-E9D9A3F51361}.Release|ARM.Build.0 = Release|ARM
		{1B055054-ED88-40DA-AFF5-E9D9A3F51361}.Release|Mixed Platforms.ActiveCfg = Release|x86
		{1B055054-ED88-40DA-AFF5-E9D9A3F51361}.Release|Mixed Platforms.Build.0 = Release|x86
		{1B055054-ED88-40DA-AFF5-E9D9A3F51361}.Release|Win32.ActiveCfg = Release|x86
		{1B055054-ED88-40DA-AFF5-E9D9A3F51361}.Release|Win32.Build.0 = Release|x86
		{1B055054-ED88-40DA-AFF5-E9D9A3F51361}.Release|x86.ActiveCfg = Release|x86
		{1B055054-ED88-40DA-AFF5-E9D9A3F51361}.Release|x86.Build.0 = Release|x86
		{55A5833A-5D8F-44A4-AFAF-2E462533D974}.Debug|Any CPU.ActiveCfg = Debug|Any CPU
		{55A5833A-5D8F-44A4-AFAF-2E462533D974}.Debug|Any CPU.Build.0 = Debug|Any CPU
		{55A5833A-5D8F-44A4-AFAF-2E462533D974}.Debug|ARM.ActiveCfg = Debug|ARM
		{55A5833A-5D8F-44A4-AFAF-2E462533D974}.Debug|ARM.Build.0 = Debug|ARM
		{55A5833A-5D8F-44A4-AFAF-2E462533D974}.Debug|Mixed Platforms.ActiveCfg = Debug|Any CPU
		{55A5833A-5D8F-44A4-AFAF-2E462533D974}.Debug|Mixed Platforms.Build.0 = Debug|Any CPU
		{55A5833A-5D8F-44A4-AFAF-2E462533D974}.Debug|Win32.ActiveCfg = Debug|x86
		{55A5833A-5D8F-44A4-AFAF-2E462533D974}.Debug|Win32.Build.0 = Debug|x86
		{55A5833A-5D8F-44A4-AFAF-2E462533D974}.Debug|x86.ActiveCfg = Debug|x86
		{55A5833A-5D8F-44A4-AFAF-2E462533D974}.Debug|x86.Build.0 = Debug|x86
		{55A5833A-5D8F-44A4-AFAF-2E462533D974}.Release|Any CPU.ActiveCfg = Release|Any CPU
		{55A5833A-5D8F-44A4-AFAF-2E462533D974}.Release|Any CPU.Build.0 = Release|Any CPU
		{55A5833A-5D8F-44A4-AFAF-2E462533D974}.Release|ARM.ActiveCfg = Release|ARM
		{55A5833A-5D8F-44A4-AFAF-2E462533D974}.Release|ARM.Build.0 = Release|ARM
		{55A5833A-5D8F-44A4-AFAF-2E462533D974}.Release|Mixed Platforms.ActiveCfg = Release|x86
		{55A5833A-5D8F-44A4-AFAF-2E462533D974}.Release|Mixed Platforms.Build.0 = Release|x86
		{55A5833A-5D8F-44A4-AFAF-2E462533D974}.Release|Win32.ActiveCfg = Release|x86
		{55A5833A-5D8F-44A4-AFAF-2E462533D974}.Release|Win32.Build.0 = Release|x86
		{55A5833A-5D8F-44A4-AFAF-2E462533D974}.Release|x86.ActiveCfg = Release|x86
		{55A5833A-5D8F-44A4-AFAF-2E462533D974}.Release|x86.Build.0 = Release|x86
		{FDFEF8C0-8700-4E67-8F2E-3BBDF318330A}.Debug|Any CPU.ActiveCfg = Debug|Any CPU
		{FDFEF8C0-8700-4E67-8F2E-3BBDF318330A}.Debug|Any CPU.Build.0 = Debug|Any CPU
		{FDFEF8C0-8700-4E67-8F2E-3BBDF318330A}.Debug|ARM.ActiveCfg = Debug|ARM
		{FDFEF8C0-8700-4E67-8F2E-3BBDF318330A}.Debug|ARM.Build.0 = Debug|ARM
		{FDFEF8C0-8700-4E67-8F2E-3BBDF318330A}.Debug|Mixed Platforms.ActiveCfg = Debug|Any CPU
		{FDFEF8C0-8700-4E67-8F2E-3BBDF318330A}.Debug|Mixed Platforms.Build.0 = Debug|Any CPU
		{FDFEF8C0-8700-4E67-8F2E-3BBDF318330A}.Debug|Win32.ActiveCfg = Debug|x86
		{FDFEF8C0-8700-4E67-8F2E-3BBDF318330A}.Debug|Win32.Build.0 = Debug|x86
		{FDFEF8C0-8700-4E67-8F2E-3BBDF318330A}.Debug|x86.ActiveCfg = Debug|x86
		{FDFEF8C0-8700-4E67-8F2E-3BBDF318330A}.Debug|x86.Build.0 = Debug|x86
		{FDFEF8C0-8700-4E67-8F2E-3BBDF318330A}.Release|Any CPU.ActiveCfg = Release|Any CPU
		{FDFEF8C0-8700-4E67-8F2E-3BBDF318330A}.Release|Any CPU.Build.0 = Release|Any CPU
		{FDFEF8C0-8700-4E67-8F2E-3BBDF318330A}.Release|ARM.ActiveCfg = Release|ARM
		{FDFEF8C0-8700-4E67-8F2E-3BBDF318330A}.Release|ARM.Build.0 = Release|ARM
		{FDFEF8C0-8700-4E67-8F2E-3BBDF318330A}.Release|Mixed Platforms.ActiveCfg = Release|x86
		{FDFEF8C0-8700-4E67-8F2E-3BBDF318330A}.Release|Mixed Platforms.Build.0 = Release|x86
		{FDFEF8C0-8700-4E67-8F2E-3BBDF318330A}.Release|Win32.ActiveCfg = Release|x86
		{FDFEF8C0-8700-4E67-8F2E-3BBDF318330A}.Release|Win32.Build.0 = Release|x86
		{FDFEF8C0-8700-4E67-8F2E-3BBDF318330A}.Release|x86.ActiveCfg = Release|x86
		{FDFEF8C0-8700-4E67-8F2E-3BBDF318330A}.Release|x86.Build.0 = Release|x86
		{4A22646E-850A-493F-A427-712D745CDE70}.Debug|Any CPU.ActiveCfg = Debug|Any CPU
		{4A22646E-850A-493F-A427-712D745CDE70}.Debug|Any CPU.Build.0 = Debug|Any CPU
		{4A22646E-850A-493F-A427-712D745CDE70}.Debug|ARM.ActiveCfg = Debug|ARM
		{4A22646E-850A-493F-A427-712D745CDE70}.Debug|ARM.Build.0 = Debug|ARM
		{4A22646E-850A-493F-A427-712D745CDE70}.Debug|Mixed Platforms.ActiveCfg = Debug|Any CPU
		{4A22646E-850A-493F-A427-712D745CDE70}.Debug|Mixed Platforms.Build.0 = Debug|Any CPU
		{4A22646E-850A-493F-A427-712D745CDE70}.Debug|Win32.ActiveCfg = Debug|x86
		{4A22646E-850A-493F-A427-712D745CDE70}.Debug|Win32.Build.0 = Debug|x86
		{4A22646E-850A-493F-A427-712D745CDE70}.Debug|x86.ActiveCfg = Debug|x86
		{4A22646E-850A-493F-A427-712D745CDE70}.Debug|x86.Build.0 = Debug|x86
		{4A22646E-850A-493F-A427-712D745CDE70}.Release|Any CPU.ActiveCfg = Release|Any CPU
		{4A22646E-850A-493F-A427-712D745CDE70}.Release|Any CPU.Build.0 = Release|Any CPU
		{4A22646E-850A-493F-A427-712D745CDE70}.Release|ARM.ActiveCfg = Release|ARM
		{4A22646E-850A-493F-A427-712D745CDE70}.Release|ARM.Build.0 = Release|ARM
		{4A22646E-850A-493F-A427-712D745CDE70}.Release|Mixed Platforms.ActiveCfg = Release|x86
		{4A22646E-850A-493F-A427-712D745CDE70}.Release|Mixed Platforms.Build.0 = Release|x86
		{4A22646E-850A-493F-A427-712D745CDE70}.Release|Win32.ActiveCfg = Release|x86
		{4A22646E-850A-493F-A427-712D745CDE70}.Release|Win32.Build.0 = Release|x86
		{4A22646E-850A-493F-A427-712D745CDE70}.Release|x86.ActiveCfg = Release|x86
		{4A22646E-850A-493F-A427-712D745CDE70}.Release|x86.Build.0 = Release|x86
		{59B35F6C-E062-4F0E-88D8-13F3F82A24F3}.Debug|Any CPU.ActiveCfg = Debug|Win32
		{59B35F6C-E062-4F0E-88D8-13F3F82A24F3}.Debug|ARM.ActiveCfg = Debug|ARM
		{59B35F6C-E062-4F0E-88D8-13F3F82A24F3}.Debug|ARM.Build.0 = Debug|ARM
		{59B35F6C-E062-4F0E-88D8-13F3F82A24F3}.Debug|Mixed Platforms.ActiveCfg = Debug|Win32
		{59B35F6C-E062-4F0E-88D8-13F3F82A24F3}.Debug|Mixed Platforms.Build.0 = Debug|Win32
		{59B35F6C-E062-4F0E-88D8-13F3F82A24F3}.Debug|Win32.ActiveCfg = Debug|Win32
		{59B35F6C-E062-4F0E-88D8-13F3F82A24F3}.Debug|Win32.Build.0 = Debug|Win32
		{59B35F6C-E062-4F0E-88D8-13F3F82A24F3}.Debug|x86.ActiveCfg = Debug|Win32
		{59B35F6C-E062-4F0E-88D8-13F3F82A24F3}.Debug|x86.Build.0 = Debug|Win32
		{59B35F6C-E062-4F0E-88D8-13F3F82A24F3}.Release|Any CPU.ActiveCfg = Release|Win32
		{59B35F6C-E062-4F0E-88D8-13F3F82A24F3}.Release|ARM.ActiveCfg = Release|ARM
		{59B35F6C-E062-4F0E-88D8-13F3F82A24F3}.Release|ARM.Build.0 = Release|ARM
		{59B35F6C-E062-4F0E-88D8-13F3F82A24F3}.Release|Mixed Platforms.ActiveCfg = Release|Win32
		{59B35F6C-E062-4F0E-88D8-13F3F82A24F3}.Release|Mixed Platforms.Build.0 = Release|Win32
		{59B35F6C-E062-4F0E-88D8-13F3F82A24F3}.Release|Win32.ActiveCfg = Release|Win32
		{59B35F6C-E062-4F0E-88D8-13F3F82A24F3}.Release|Win32.Build.0 = Release|Win32
		{59B35F6C-E062-4F0E-88D8-13F3F82A24F3}.Release|x86.ActiveCfg = Release|Win32
		{59B35F6C-E062-4F0E-88D8-13F3F82A24F3}.Release|x86.Build.0 = Release|Win32
	EndGlobalSection
	GlobalSection(SolutionProperties) = preSolution
		HideSolutionNode = FALSE
	EndGlobalSection
	GlobalSection(NestedProjects) = preSolution
		{3F063CEC-8BE6-4E79-A984-0639BCAE2750} = {C6847D99-9262-4911-BC4D-E72CE973CD5D}
		{55A5833A-5D8F-44A4-AFAF-2E462533D974} = {C6847D99-9262-4911-BC4D-E72CE973CD5D}
		{FDFEF8C0-8700-4E67-8F2E-3BBDF318330A} = {C6847D99-9262-4911-BC4D-E72CE973CD5D}
		{021D1F91-8C9E-4761-B898-7BB3AFDCBC8A} = {3AAF864F-EF8B-44AC-8D2B-75B3D9991D48}
		{58B33916-9A98-434C-A292-A206A9C2BBA2} = {3AAF864F-EF8B-44AC-8D2B-75B3D9991D48}
		{1B055054-ED88-40DA-AFF5-E9D9A3F51361} = {3AAF864F-EF8B-44AC-8D2B-75B3D9991D48}
		{125D65B0-2F7D-4D94-8A97-66DE1172F054} = {3AAF864F-EF8B-44AC-8D2B-75B3D9991D48}
		{4A22646E-850A-493F-A427-712D745CDE70} = {3AAF864F-EF8B-44AC-8D2B-75B3D9991D48}
		{59B35F6C-E062-4F0E-88D8-13F3F82A24F3} = {3AAF864F-EF8B-44AC-8D2B-75B3D9991D48}
	EndGlobalSection
EndGlobal
